# THIS IS AN AUTOGENERATED FILE. DO NOT EDIT THIS FILE DIRECTLY.
# yarn lockfile v1


jiff@^0.7.3:
  version "0.7.3"
  resolved "https://registry.yarnpkg.com/jiff/-/jiff-0.7.3.tgz#42db5d9140f1804399bb501747055a9434f40f46"

jsonpatch@^3.0.1:
  version "3.0.1"
  resolved "https://registry.yarnpkg.com/jsonpatch/-/jsonpatch-3.0.1.tgz#97225367c1c3c5bf1641be59b2f73be19759f06f"

typescript@^2.5.3:
  version "2.5.3"
  resolved "https://registry.yarnpkg.com/typescript/-/typescript-2.5.3.tgz#df3dcdc38f3beb800d4bc322646b04a3f6ca7f0d"

webstomp-client@^1.0.8:
  version "1.0.8"
  resolved "https://registry.yarnpkg.com/webstomp-client/-/webstomp-client-1.0.8.tgz#0c8bfb0cbe6339ff6b7fe321a5b5d91ad95fd1bb"
